
Microsoft Visual Studio Solution File, Format Version 12.00
# Visual Studio 15
VisualStudioVersion = 15.0.27130.2010
MinimumVisualStudioVersion = 10.0.40219.1
Project("{9A19103F-16F7-4668-BE54-9A1E7A4F7556}") = "Supperxin.Web.Webcrawler", "Supperxin.Web.Webcrawler\Supperxin.Web.Webcrawler.csproj", "{86BAF190-F5C9-481E-A5BC-C23033E6A8A2}"
EndProject
Project("{E53339B2-1760-4266-BCC7-CA923CBCF16C}") = "docker-compose", "docker-compose.dcproj", "{06C87D3C-A175-443B-A8C4-5987FB508F93}"
EndProject
Global
	GlobalSection(SolutionConfigurationPlatforms) = preSolution
		Debug|Any CPU = Debug|Any CPU
		Release|Any CPU = Release|Any CPU
	EndGlobalSection
	GlobalSection(ProjectConfigurationPlatforms) = postSolution
		{86BAF190-F5C9-481E-A5BC-C23033E6A8A2}.Debug|Any CPU.ActiveCfg = Debug|Any CPU
		{86BAF190-F5C9-481E-A5BC-C23033E6A8A2}.Debug|Any CPU.Build.0 = Debug|Any CPU
		{86BAF190-F5C9-481E-A5BC-C23033E6A8A2}.Release|Any CPU.ActiveCfg = Release|Any CPU
		{86BAF190-F5C9-481E-A5BC-C23033E6A8A2}.Release|Any CPU.Build.0 = Release|Any CPU
		{06C87D3C-A175-443B-A8C4-5987FB508F93}.Debug|Any CPU.ActiveCfg = Debug|Any CPU
		{06C87D3C-A175-443B-A8C4-5987FB508F93}.Debug|Any CPU.Build.0 = Debug|Any CPU
		{06C87D3C-A175-443B-A8C4-5987FB508F93}.Release|Any CPU.ActiveCfg = Release|Any CPU
		{06C87D3C-A175-443B-A8C4-5987FB508F93}.Release|Any CPU.Build.0 = Release|Any CPU
	EndGlobalSection
	GlobalSection(SolutionProperties) = preSolution
		HideSolutionNode = FALSE
	EndGlobalSection
	GlobalSection(ExtensibilityGlobals) = postSolution
		SolutionGuid = {A6634CB1-2032-4C23-8EFB-2CABBCDE3AE2}
	EndGlobalSection
EndGlobal
